{
    "requires": true,
    "lockfileVersion": 1,
    "dependencies": {
        "sweetalert2": {
            "version": "8.18.0",
            "resolved": "https://registry.npmjs.org/sweetalert2/-/sweetalert2-8.18.0.tgz",
            "integrity": "sha512-t8r4oIisUd/fPsd4/YKuiWTKnrxZsolUVk/w7nGhMu5MKsuGh6J5sQ9Jtio+5xKg/w5QOJpH8TUhb5INuVo/YQ=="
        }
    }
}
